{
    "_meta": {
        "hash": {
            "sha256": "cd84c8bb8fb5a16caff35f2a06cb033998708657a52a0a9fc9f125ef7d8abc99"
        },
        "pipfile-spec": 6,
        "requires": {
            "python_version": "3.6"
        },
        "sources": [
            {
                "name": "pypi",
                "url": "https://pypi.python.org/simple",
                "verify_ssl": true
            }
        ]
    },
    "default": {
        "appnope": {
            "hashes": [
                "sha256:5b26757dc6f79a3b7dc9fab95359328d5747fcb2409d331ea66d0272b90ab2a0",
                "sha256:8b995ffe925347a2138d7ac0fe77155e4311a0ea6d6da4f5128fe4b3cbe5ed71"
            ],
            "markers": "sys_platform == 'darwin'",
            "version": "==0.1.0"
        },
        "backcall": {
            "hashes": [
                "sha256:38ecd85be2c1e78f77fd91700c76e14667dc21e2713b63876c0eb901196e01e4",
                "sha256:bbbf4b1e5cd2bdb08f915895b51081c041bac22394fdfcfdfbe9f14b77c08bf2"
            ],
            "version": "==0.1.0"
        },
        "beautifulsoup4": {
            "hashes": [
                "sha256:194ec62a25438adcb3fdb06378b26559eda1ea8a747367d34c33cef9c7f48d57",
                "sha256:90f8e61121d6ae58362ce3bed8cd997efb00c914eae0ff3d363c32f9a9822d10",
                "sha256:f0abd31228055d698bb392a826528ea08ebb9959e6bea17c606fd9c9009db938"
            ],
            "version": "==4.6.3"
        },
        "boto": {
            "hashes": [
                "sha256:147758d41ae7240dc989f0039f27da8ca0d53734be0eb869ef16e3adcfa462e8",
                "sha256:ea0d3b40a2d852767be77ca343b58a9e3a4b00d9db440efb8da74b4e58025e5a"
            ],
            "version": "==2.49.0"
        },
        "boto3": {
            "hashes": [
                "sha256:3d3959610f8d73b81a5cfc8c79067d5213cee7b2cfb1958a7eefc9c15a96f9ff",
                "sha256:950a94e75b0e449d124a653e8654a83669655ddfa2ecb43516fea8d3bfa885ca"
            ],
            "version": "==1.9.15"
        },
        "botocore": {
            "hashes": [
                "sha256:c46db774494c741e63d79bde7af4acfcbf0815671db7af6857b580270fe116d2",
                "sha256:f22b99ad4717800faaf3e1710d8fe6ca113db64ae04ee2518e3305a1bf14da2a"
            ],
            "version": "==1.12.15"
        },
        "bs4": {
            "hashes": [
                "sha256:36ecea1fd7cc5c0c6e4a1ff075df26d50da647b75376626cc186e2212886dd3a"
            ],
            "version": "==0.0.1"
        },
        "bz2file": {
            "hashes": [
                "sha256:64c1f811e31556ba9931953c8ec7b397488726c63e09a4c67004f43bdd28da88"
            ],
            "version": "==0.98"
        },
        "certifi": {
            "hashes": [
                "sha256:376690d6f16d32f9d1fe8932551d80b23e9d393a8578c5633a2ed39a64861638",
                "sha256:456048c7e371c089d0a77a5212fb37a2c2dce1e24146e3b7e0261736aaeaa22a"
            ],
            "version": "==2018.8.24"
        },
        "chardet": {
            "hashes": [
                "sha256:84ab92ed1c4d4f16916e05906b6b75a6c0fb5db821cc65e70cbd64a3e2a5eaae",
                "sha256:fc323ffcaeaed0e0a02bf4d117757b98aed530d9ed4531e3e15460124c106691"
            ],
            "version": "==3.0.4"
        },
        "click": {
            "hashes": [
                "sha256:2335065e6395b9e67ca716de5f7526736bfa6ceead690adf616d925bdc622b13",
                "sha256:5b94b49521f6456670fdb30cd82a4eca9412788a93fa6dd6df72c94d5a8ff2d7"
            ],
            "version": "==7.0"
        },
        "cloudpickle": {
            "hashes": [
                "sha256:0390ecb3731ac035d74c34651460f4a683e9ef7443861712b8d56c20c2f92113",
                "sha256:bbb62d398da6d381072ef332b25bebeaf4b08f82d8cb5a2c1fb170c9fce7c249"
            ],
            "version": "==0.5.6"
        },
        "dask": {
            "hashes": [
                "sha256:8206e6e045f4650320416c15390bfb6c3f08b02fd28993e49035c56d2fc680f6",
                "sha256:9290c9f5021f328f55a98ea6d462a7c763daade963932237f234b385836d4b1c"
            ],
            "version": "==0.19.2"
        },
        "decorator": {
            "hashes": [
                "sha256:2c51dff8ef3c447388fe5e4453d24a2bf128d3a4c32af3fabef1f01c6851ab82",
                "sha256:c39efa13fbdeb4506c476c9b3babf6a718da943dab7811c206005a4a956c080c"
            ],
            "version": "==4.3.0"
        },
        "deprecated": {
            "hashes": [
                "sha256:0b1e043af3bab6c7ebcf96a471d0e75685ffe1390924e28137a8f1bd33781195",
                "sha256:bcad09662cbf6f1a01fcb72474b9ab4bd35ee284b5f064bc31c4524d2f4cd82e"
            ],
            "version": "==1.2.3"
        },
        "distributed": {
            "hashes": [
                "sha256:6546dd5b78b1ccd6af7b9749d874310aee88ad6ccb08f7a88764de453a8dfa05",
                "sha256:803af56bdc755bcb351bd93b25c4f4ded48d684aa9e591d877f751080ad2f898"
            ],
            "version": "==1.23.2"
        },
        "docopt": {
            "hashes": [
                "sha256:49b3a825280bd66b3aa83585ef59c4a8c82f2c8a522dbe754a8bc8d08c85c491"
            ],
            "index": "pypi",
            "version": "==0.6.2"
        },
        "docutils": {
            "hashes": [
                "sha256:02aec4bd92ab067f6ff27a38a38a41173bf01bed8f89157768c1573f53e474a6",
                "sha256:51e64ef2ebfb29cae1faa133b3710143496eca21c530f3f71424d77687764274",
                "sha256:7a4bd47eaf6596e1295ecb11361139febe29b084a87bf005bf899f9a42edc3c6"
            ],
            "version": "==0.14"
        },
        "heapdict": {
            "hashes": [
                "sha256:40c9e3680616cfdf942f77429a3a9e0a76f31ce965d62f4ffbe63a83a5ef1b5a"
            ],
            "version": "==1.0.0"
        },
        "humanize": {
            "hashes": [
                "sha256:a43f57115831ac7c70de098e6ac46ac13be00d69abbf60bdcac251344785bb19"
            ],
            "index": "pypi",
            "version": "==0.5.1"
        },
        "idna": {
            "hashes": [
                "sha256:156a6814fb5ac1fc6850fb002e0852d56c0c8d2531923a51032d1b70760e186e",
                "sha256:684a38a6f903c1d71d6d5fac066b58d7768af4de2b832e426ec79c30daa94a16"
            ],
            "version": "==2.7"
        },
        "impresso-commons": {
            "editable": true,
            "git": "https://github.com/impresso/impresso-pycommons.git",
            "ref": "6e4cd60541f3605743538a90fdf1651aa847d2af"
        },
        "ipdb": {
            "hashes": [
                "sha256:7081c65ed7bfe7737f83fa4213ca8afd9617b42ff6b3f1daf9a3419839a2a00a"
            ],
            "version": "==0.11"
        },
        "ipython": {
            "hashes": [
                "sha256:47b17ea874454a5c2eacc2732b04a750d260b01ba479323155ac8a39031f5535",
                "sha256:9fed506c3772c875a3048bc134a25e6f5e997b1569b2636f6a5d891f34cbfd46"
            ],
            "version": "==7.0.1"
        },
        "ipython-genutils": {
            "hashes": [
                "sha256:72dd37233799e619666c9f639a9da83c34013a73e8bbc79a7a6348d93c61fab8",
                "sha256:eb2e116e75ecef9d4d228fdc66af54269afa26ab4463042e33785b887c628ba8"
            ],
            "version": "==0.2.0"
        },
        "jedi": {
            "hashes": [
                "sha256:0ad328f5d9d0a6c8b22a0ca429c7b0cea1974e2b2d5a00e0bc45074dcd44d255",
                "sha256:e4db7a2e08980e48c6aec6588483629c81fdcf9b6d9e6a372b40ed7fec91f310"
            ],
            "version": "==0.13.0"
        },
        "jmespath": {
            "hashes": [
                "sha256:6a81d4c9aa62caf061cb517b4d9ad1dd300374cd4706997aff9cd6aedd61fc64",
                "sha256:f11b4461f425740a1d908e9a3f7365c3d2e569f6ca68a2ff8bc5bcd9676edd63"
            ],
            "version": "==0.9.3"
        },
        "jsonlines": {
            "hashes": [
                "sha256:0ebd5b0c3efe0d4b5018b320fb0ee1a7b680ab39f6eb853715859f818d386cc8",
                "sha256:43b8d5588a9d4862c8a4a49580e38e20ec595aee7ad6fe469b10fb83fbefde88"
            ],
            "version": "==1.2.0"
        },
        "locket": {
            "hashes": [
                "sha256:1fee63c1153db602b50154684f5725564e63a0f6d09366a1cb13dffcec179fb4"
            ],
            "version": "==0.2.0"
        },
        "msgpack": {
            "hashes": [
                "sha256:0b3b1773d2693c70598585a34ca2715873ba899565f0a7c9a1545baef7e7fbdc",
                "sha256:0bae5d1538c5c6a75642f75a1781f3ac2275d744a92af1a453c150da3446138b",
                "sha256:0ee8c8c85aa651be3aa0cd005b5931769eaa658c948ce79428766f1bd46ae2c3",
                "sha256:1369f9edba9500c7a6489b70fdfac773e925342f4531f1e3d4c20ac3173b1ae0",
                "sha256:22d9c929d1d539f37da3d1b0e16270fa9d46107beab8c0d4d2bddffffe895cee",
                "sha256:2ff43e3247a1e11d544017bb26f580a68306cec7a6257d8818893c1fda665f42",
                "sha256:31a98047355d34d047fcdb55b09cb19f633cf214c705a765bd745456c142130c",
                "sha256:8767eb0032732c3a0da92cbec5ac186ef89a3258c6edca09161472ca0206c45f",
                "sha256:8acc8910218555044e23826980b950e96685dc48124a290c86f6f41a296ea172",
                "sha256:ab189a6365be1860a5ecf8159c248f12d33f79ea799ae9695fa6a29896dcf1d4",
                "sha256:cfd6535feb0f1cf1c7cdb25773e965cc9f92928244a8c3ef6f8f8a8e1f7ae5c4",
                "sha256:e274cd4480d8c76ec467a85a9c6635bbf2258f0649040560382ab58cabb44bcf",
                "sha256:f86642d60dca13e93260187d56c2bef2487aa4d574a669e8ceefcf9f4c26fd00",
                "sha256:f8a57cbda46a94ed0db55b73e6ab0c15e78b4ede8690fa491a0e55128d552bb0",
                "sha256:fcea97a352416afcbccd7af9625159d80704a25c519c251c734527329bb20d0e"
            ],
            "version": "==0.5.6"
        },
        "numpy": {
            "hashes": [
                "sha256:1b1cf8f7300cf7b11ddb4250b3898c711a6187df05341b5b7153db23ffe5d498",
                "sha256:27a0d018f608a3fe34ac5e2b876f4c23c47e38295c47dd0775cc294cd2614bc1",
                "sha256:3fde172e28c899580d32dc21cb6d4a1225d62362f61050b654545c662eac215a",
                "sha256:497d7c86df4f85eb03b7f58a7dd0f8b948b1f582e77629341f624ba301b4d204",
                "sha256:4e28e66cf80c09a628ae680efeb0aa9a066eb4bb7db2a5669024c5b034891576",
                "sha256:58be95faf0ca2d886b5b337e7cba2923e3ad1224b806a91223ea39f1e0c77d03",
                "sha256:5b4dfb6551eaeaf532054e2c6ef4b19c449c2e3a709ebdde6392acb1372ecabc",
                "sha256:63f833a7c622e9082df3cbaf03b4fd92d7e0c11e2f9d87cb57dbf0e84441964b",
                "sha256:71bf3b7ca15b1967bba3a1ef6a8e87286382a8b5e46ac76b42a02fe787c5237d",
                "sha256:733dc5d47e71236263837825b69c975bc08728ae638452b34aeb1d6fa347b780",
                "sha256:82f00a1e2695a0e5b89879aa25ea614530b8ebdca6d49d4834843d498e8a5e92",
                "sha256:866bf72b9c3bfabe4476d866c70ee1714ad3e2f7b7048bb934892335e7b6b1f7",
                "sha256:8aeac8b08f4b8c52129518efcd93706bb6d506ccd17830b67d18d0227cf32d9e",
                "sha256:8d2cfb0aef7ec8759736cce26946efa084cdf49797712333539ef7d135e0295e",
                "sha256:981224224bbf44d95278eb37996162e8beb6f144d2719b144e86dfe2fce6c510",
                "sha256:981daff58fa3985a26daa4faa2b726c4e7a1d45178100125c0e1fdaf2ac64978",
                "sha256:9ad36dbfdbb0cba90a08e7343fadf86f43cf6d87450e8d2b5d71d7c7202907e4",
                "sha256:a251570bb3cb04f1627f23c234ad09af0e54fc8194e026cf46178f2e5748d647",
                "sha256:b5ff7dae352fd9e1edddad1348698e9fea14064460a7e39121ef9526745802e6",
                "sha256:c898f9cca806102fcacb6309899743aa39efb2ad2a302f4c319f54db9f05cd84",
                "sha256:cf4b970042ce148ad8dce4369c02a4078b382dadf20067ce2629c239d76460d1",
                "sha256:d1569013e8cc8f37e9769d19effdd85e404c976cd0ca28a94e3ddc026c216ae8",
                "sha256:dca261e85fe0d34b2c242ecb31c9ab693509af2cf955d9caf01ee3ef3669abd0",
                "sha256:ec8bf53ef7c92c99340972519adbe122e82c81d5b87cbd955c74ba8a8cd2a4ad",
                "sha256:f2e55726a9ee2e8129d6ce6abb466304868051bcc7a09d652b3b07cd86e801a2",
                "sha256:f4dee74f2626c783a3804df9191e9008946a104d5a284e52427a53ff576423cb",
                "sha256:f592fd7fe1f20b5041928cce1330937eca62f9058cb41e69c2c2d83cffc0d1e3",
                "sha256:ffab5b80bba8c86251291b8ce2e6c99a61446459d4c6637f5d5cc8c9ce37c972"
            ],
            "version": "==1.15.2"
        },
        "opencv-python": {
            "hashes": [
                "sha256:090eead5a4540153332a6b9739f86292dc86276c6620dbfad77d489171fe9d6f",
                "sha256:1348a80b5be4d5b94f8b6152ec34202c864b2c861cbbf17f328168ca712e2781",
                "sha256:15f0ede983153dae21820b2346b1608d266618bf4cbc4a2941ae8326d9981f3e",
                "sha256:1e06996ff9ed99170aa473099f9dcbaf424f456ae4274205219a09cade104691",
                "sha256:3775e938d7be26a7b73a043470d25710cab4f49d49b4f81f4e95082a3be76642",
                "sha256:3cbb46a9cb8a301ef3d2f394b6ddc379b7d1de296f3f1f8f39756e7d5c29cdf6",
                "sha256:5e3d742d8d8c73ad9717d27be3d42561873aa581b9a472197b094fb0f5d3d74a",
                "sha256:776c971e26464ecc6e2417d7f4f2300da72f891a81acf5616cc63c9344a2679b",
                "sha256:78a45fe1f4f2a8101b94b848f568846235c91647be1eb84284c1772d4eb7b824",
                "sha256:7f4fe54b0e07d67c63a0309a7d397e9e94d7e3465ec2b070666cebc4ea9889ae",
                "sha256:86a436b17337d888abe4c892a850af23b1692dab25045e27d62160691f494835",
                "sha256:8a38b57557cd019fe3510e902080d6682c278e76cdef5ff240020faa8d7ba5a0",
                "sha256:a73b7d655b2ac56f1309e85d26a310bc960356616b84474f863cb7cd0b85daaf",
                "sha256:adc304007b5adbaf739dc31e57b363bf2373f7da316c25a7e363f648075edb98",
                "sha256:b2c85f7809dfc5944653296f19008f9cc1a9a035bdc7857678db499006d8dcd1",
                "sha256:b80ffde508e005aab6401312b62d2fc4f11556090011b00cd890a193c8b9737b",
                "sha256:d3cdae3bae25f52fc3bcaee2b0a476d85df5ae2ee4d2c46efc0ca9ea44438974",
                "sha256:d46d4e2a8e3a81e7559c6b393bb276cba148fe45cc555a77559911ae9f444fb7",
                "sha256:e31a4fe3818ea0c776c74e3c7c407996a757c6593fcbb3bc4223687504a89749",
                "sha256:f162f7c4e11cf87346867b8287c543b980976b333cd1eb4fd956034b53c6dff5",
                "sha256:f34b19e2b879d8d3201600bfafb4b29fb40ac09f9704e96916a8e522944f8395",
                "sha256:f68995482d912dcaea884da1b60d7cced64a7cd9dd30f4c688ffebe245d11982"
            ],
            "version": "==3.4.0.12"
        },
        "pandas": {
            "hashes": [
                "sha256:11975fad9edbdb55f1a560d96f91830e83e29bed6ad5ebf506abda09818eaf60",
                "sha256:12e13d127ca1b585dd6f6840d3fe3fa6e46c36a6afe2dbc5cb0b57032c902e31",
                "sha256:1c87fcb201e1e06f66e23a61a5fea9eeebfe7204a66d99df24600e3f05168051",
                "sha256:242e9900de758e137304ad4b5663c2eff0d798c2c3b891250bd0bd97144579da",
                "sha256:26c903d0ae1542890cb9abadb4adcb18f356b14c2df46e4ff657ae640e3ac9e7",
                "sha256:2e1e88f9d3e5f107b65b59cd29f141995597b035d17cc5537e58142038942e1a",
                "sha256:31b7a48b344c14691a8e92765d4023f88902ba3e96e2e4d0364d3453cdfd50db",
                "sha256:4fd07a932b4352f8a8973761ab4e84f965bf81cc750fb38e04f01088ab901cb8",
                "sha256:5b24ca47acf69222e82530e89111dd9d14f9b970ab2cd3a1c2c78f0c4fbba4f4",
                "sha256:647b3b916cc8f6aeba240c8171be3ab799c3c1b2ea179a3be0bd2712c4237553",
                "sha256:66b060946046ca27c0e03e9bec9bba3e0b918bafff84c425ca2cc2e157ce121e",
                "sha256:6efa9fa6e1434141df8872d0fa4226fc301b17aacf37429193f9d70b426ea28f",
                "sha256:be4715c9d8367e51dbe6bc6d05e205b1ae234f0dc5465931014aa1c4af44c1ba",
                "sha256:bea90da782d8e945fccfc958585210d23de374fa9294a9481ed2abcef637ebfc",
                "sha256:d318d77ab96f66a59e792a481e2701fba879e1a453aefeebdb17444fe204d1ed",
                "sha256:d785fc08d6f4207437e900ffead930a61e634c5e4f980ba6d3dc03c9581748c7",
                "sha256:de9559287c4fe8da56e8c3878d2374abc19d1ba2b807bfa7553e912a8e5ba87c",
                "sha256:f4f98b190bb918ac0bc0e3dd2ab74ff3573da9f43106f6dba6385406912ec00f",
                "sha256:f71f1a7e2d03758f6e957896ed696254e2bc83110ddbc6942018f1a232dd9dad",
                "sha256:fb944c8f0b0ab5c1f7846c686bc4cdf8cde7224655c12edcd59d5212cd57bec0"
            ],
            "version": "==0.23.4"
        },
        "parso": {
            "hashes": [
                "sha256:35704a43a3c113cce4de228ddb39aab374b8004f4f2407d070b6a2ca784ce8a2",
                "sha256:895c63e93b94ac1e1690f5fdd40b65f07c8171e3e53cbd7793b5b96c0e0a7f24"
            ],
            "version": "==0.3.1"
        },
        "partd": {
            "hashes": [
                "sha256:041ef0bd589e2d803b6ff6ac2b559adadcaf40a161a8eeb5a367d5e0f399ac1e",
                "sha256:67291f1c4827cde3e0148b3be5d69af64b6d6169feb9ba88f0a6cfe77089400f"
            ],
            "version": "==0.3.8"
        },
        "pexpect": {
            "hashes": [
                "sha256:2a8e88259839571d1251d278476f3eec5db26deb73a70be5ed5dc5435e418aba",
                "sha256:3fbd41d4caf27fa4a377bfd16fef87271099463e6fa73e92a52f92dfee5d425b"
            ],
            "markers": "sys_platform != 'win32'",
            "version": "==4.6.0"
        },
        "pickleshare": {
            "hashes": [
                "sha256:87683d47965c1da65cdacaf31c8441d12b8044cdec9aca500cd78fc2c683afca",
                "sha256:9649af414d74d4df115d5d718f82acb59c9d418196b7b4290ed47a12ce62df56"
            ],
            "version": "==0.7.5"
        },
        "prompt-toolkit": {
            "hashes": [
                "sha256:5eff0c9fd652384ecfe730bbcdf3658868725c6928fbf608d9338834d7a974b6",
                "sha256:81da9ecf6ca6806a549697529af8ec3ac5b739c13ac14607218e650db1b53131",
                "sha256:c67c1c264d8a0d9e1070e9272bacee00f76c81daab7bc4bf09ff991bd1e224a7"
            ],
            "version": "==2.0.5"
        },
        "psutil": {
            "hashes": [
                "sha256:0d8da7333549a998556c18eb2af3ce902c28d66ceb947505c008f91e9f988abd",
                "sha256:1914bacbd2fc2af8f795daa44b9d2e0649a147460cfd21b1a70a124472f66d40",
                "sha256:215d61a901e67b1a35e14c6aedef317f7fa7e6075a20c150fd11bd2c906d2c83",
                "sha256:51057c03aea251ad6667c2bba259bc7ed3210222d3a74152c84e3ab06e1da0ba",
                "sha256:5b6322b167a5ba0c5463b4d30dfd379cd4ce245a1162ebf8fc7ab5c5ffae4f3b",
                "sha256:a890c3e490493f21da2817ffc92822693bc0d6bcac9999caa04ffce8dd4e7132",
                "sha256:b34611280a2d0697f1c499e15e936d88109170194b390599c98bab8072a71f05",
                "sha256:cea2557ee6a9faa2c100947637ded68414e12b851633c4ce26e0311b2a2ed539",
                "sha256:d081707ef0081920533db30200a2d30d5c0ea9cf6afa7cf8881ae4516cc69c48"
            ],
            "version": "==5.4.7"
        },
        "ptyprocess": {
            "hashes": [
                "sha256:923f299cc5ad920c68f2bc0bc98b75b9f838b93b599941a6b63ddbc2476394c0",
                "sha256:d7cc528d76e76342423ca640335bd3633420dc1366f258cb31d05e865ef5ca1f"
            ],
            "version": "==0.6.0"
        },
        "pygments": {
            "hashes": [
                "sha256:78f3f434bcc5d6ee09020f92ba487f95ba50f1e3ef83ae96b9d5ffa1bab25c5d",
                "sha256:dbae1046def0efb574852fab9e90209b23f556367b5a320c0bcb871c77c3e8cc"
            ],
            "version": "==2.2.0"
        },
        "python-dateutil": {
            "hashes": [
                "sha256:1adb80e7a782c12e52ef9a8182bebeb73f1d7e24e374397af06fb4956c8dc5c0",
                "sha256:e27001de32f627c22380a688bcc43ce83504a7bc5da472209b4c70f02829f0b8"
            ],
            "version": "==2.7.3"
        },
        "pytz": {
            "hashes": [
                "sha256:a061aa0a9e06881eb8b3b2b43f05b9439d6583c206d0a6c340ff72a7b6669053",
                "sha256:ffb9ef1de172603304d9d2819af6f5ece76f2e85ec10692a524dd876e72bf277"
            ],
            "version": "==2018.5"
        },
        "pyyaml": {
            "hashes": [
                "sha256:3d7da3009c0f3e783b2c873687652d83b1bbfd5c88e9813fb7e5b03c0dd3108b",
                "sha256:3ef3092145e9b70e3ddd2c7ad59bdd0252a94dfe3949721633e41344de00a6bf",
                "sha256:40c71b8e076d0550b2e6380bada1f1cd1017b882f7e16f09a65be98e017f211a",
                "sha256:558dd60b890ba8fd982e05941927a3911dc409a63dcb8b634feaa0cda69330d3",
                "sha256:a7c28b45d9f99102fa092bb213aa12e0aaf9a6a1f5e395d36166639c1f96c3a1",
                "sha256:aa7dd4a6a427aed7df6fb7f08a580d68d9b118d90310374716ae90b710280af1",
                "sha256:bc558586e6045763782014934bfaf39d48b8ae85a2713117d16c39864085c613",
                "sha256:d46d7982b62e0729ad0175a9bc7e10a566fc07b224d2c79fafb5e032727eaa04",
                "sha256:d5eef459e30b09f5a098b9cea68bebfeb268697f78d647bd255a085371ac7f3f",
                "sha256:e01d3203230e1786cd91ccfdc8f8454c8069c91bee3962ad93b87a4b2860f537",
                "sha256:e170a9e6fcfd19021dd29845af83bb79236068bf5fd4df3327c1be18182b2531"
            ],
            "version": "==3.13"
        },
        "requests": {
            "hashes": [
                "sha256:63b52e3c866428a224f97cab011de738c36aec0185aa91cfacd418b5d58911d1",
                "sha256:ec22d826a36ed72a7358ff3fe56cbd4ba69dd7a6718ffd450ff0e9df7a47ce6a"
            ],
            "version": "==2.19.1"
        },
        "s3transfer": {
            "hashes": [
                "sha256:90dc18e028989c609146e241ea153250be451e05ecc0c2832565231dacdf59c1",
                "sha256:c7a9ec356982d5e9ab2d4b46391a7d6a950e2b04c472419f5fdec70cc0ada72f"
            ],
            "version": "==0.1.13"
        },
        "simplegeneric": {
            "hashes": [
                "sha256:dc972e06094b9af5b855b3df4a646395e43d1c9d0d39ed345b7393560d0b9173"
            ],
            "version": "==0.8.1"
        },
        "six": {
            "hashes": [
                "sha256:70e8a77beed4562e7f14fe23a786b54f6296e34344c23bc42f07b15018ff98e9",
                "sha256:832dc0e10feb1aa2c68dcc57dbb658f1c7e65b9b61af69048abc87a2db00a0eb"
            ],
            "version": "==1.11.0"
        },
        "smart-open": {
            "hashes": [
                "sha256:57c568d104c37dbdf5598c41e94b5b143c38dd275bc2856242b8597cfede9453"
            ],
            "version": "==1.7.1"
        },
        "sortedcontainers": {
            "hashes": [
                "sha256:220bb2e3e1886297fd7cdd6d164cb5cf237be1cfae1a3a3e526d149c52816682",
                "sha256:b74f2756fb5e23512572cc76f0fe0832fd86310f77dfee54335a35fb33f6b950"
            ],
            "version": "==2.0.5"
        },
        "tblib": {
            "hashes": [
                "sha256:436e4200e63d92316551179dc540906652878df4ff39b43db30fcf6400444fe7",
                "sha256:9bae4b8c44b06af0e114bfc4d5f6aa3eafd2119af5a4dcab34f51f1665f16c59"
            ],
            "version": "==1.3.2"
        },
        "toolz": {
            "hashes": [
                "sha256:929f0a7ea7f61c178bd951bdae93920515d3fbdbafc8e6caf82d752b9b3b31c9"
            ],
            "version": "==0.9.0"
        },
        "tornado": {
            "hashes": [
                "sha256:0662d28b1ca9f67108c7e3b77afabfb9c7e87bde174fbda78186ecedc2499a9d",
                "sha256:4e5158d97583502a7e2739951553cbd88a72076f152b4b11b64b9a10c4c49409",
                "sha256:732e836008c708de2e89a31cb2fa6c0e5a70cb60492bee6f1ea1047500feaf7f",
                "sha256:8154ec22c450df4e06b35f131adc4f2f3a12ec85981a203301d310abf580500f",
                "sha256:8e9d728c4579682e837c92fdd98036bd5cdefa1da2aaf6acf26947e6dd0c01c5",
                "sha256:d4b3e5329f572f055b587efc57d29bd051589fb5a43ec8898c77a47ec2fa2bbb",
                "sha256:e5f2585afccbff22390cddac29849df463b252b711aa2ce7c5f3f342a5b3b444"
            ],
            "version": "==5.1.1"
        },
        "traitlets": {
            "hashes": [
                "sha256:9c4bd2d267b7153df9152698efb1050a5d84982d3384a37b2c1f7723ba3e7835",
                "sha256:c6cb5e6f57c5a9bdaa40fa71ce7b4af30298fbab9ece9815b5d995ab6217c7d9"
            ],
            "version": "==4.3.2"
        },
        "urllib3": {
            "hashes": [
                "sha256:a68ac5e15e76e7e5dd2b8f94007233e01effe3e50e8daddf69acfd81cb686baf",
                "sha256:b5725a0bd4ba422ab0e66e89e030c806576753ea3ee08554382c14e685d117b5"
            ],
            "version": "==1.23"
        },
        "wcwidth": {
            "hashes": [
                "sha256:3df37372226d6e63e1b1e1eda15c594bca98a22d33a23832a90998faa96bc65e",
                "sha256:f4ebe71925af7b40a864553f761ed559b43544f8f71746c2d756c7fe788ade7c"
            ],
            "version": "==0.1.7"
        },
        "wrapt": {
            "hashes": [
                "sha256:d4d560d479f2c21e1b5443bbd15fe7ec4b37fe7e53d335d3b9b0a7b1226fe3c6"
            ],
            "version": "==1.10.11"
        },
        "zict": {
            "hashes": [
                "sha256:63377f063086fc92e5c16e4d02162c571f6470b9e796cf3411ef9e815c96b799",
                "sha256:c7fbbd9d93f9bb8f2dd85c680fa74abcb7d399d20a1640c2382a567eb5dc15e5"
            ],
            "version": "==0.1.3"
        }
    },
    "develop": {}
}
